// !$*UTF8*$!
{
	archiveVersion = 1;
	classes = {
	};
	objectVersion = 46;
	objects = {

/* Begin PBXBuildFile section */
		39F2F02A1A7713D70076B25A /* main.m in Sources */ = {isa = PBXBuildFile; fileRef = 39F2F0291A7713D70076B25A /* main.m */; };
		39F2F02D1A7713D70076B25A /* AppDelegate.m in Sources */ = {isa = PBXBuildFile; fileRef = 39F2F02C1A7713D70076B25A /* AppDelegate.m */; };
		39F2F0301A7713D70076B25A /* SimonSaysViewController.m in Sources */ = {isa = PBXBuildFile; fileRef = 39F2F02F1A7713D70076B25A /* SimonSaysViewController.m */; };
		39F2F0331A7713D70076B25A /* Main.storyboard in Resources */ = {isa = PBXBuildFile; fileRef = 39F2F0311A7713D70076B25A /* Main.storyboard */; };
		39F2F0351A7713D70076B25A /* Images.xcassets in Resources */ = {isa = PBXBuildFile; fileRef = 39F2F0341A7713D70076B25A /* Images.xcassets */; };
		39F2F0381A7713D70076B25A /* LaunchScreen.xib in Resources */ = {isa = PBXBuildFile; fileRef = 39F2F0361A7713D70076B25A /* LaunchScreen.xib */; };
		39F2F0441A7713D70076B25A /* SimonSaysTests.m in Sources */ = {isa = PBXBuildFile; fileRef = 39F2F0431A7713D70076B25A /* SimonSaysTests.m */; };
		39F2F04F1A771ABF0076B25A /* DKLCommunicator.m in Sources */ = {isa = PBXBuildFile; fileRef = 39F2F04E1A771ABF0076B25A /* DKLCommunicator.m */; };
/* End PBXBuildFile section */

/* Begin PBXContainerItemProxy section */
		39F2F03E1A7713D70076B25A /* PBXContainerItemProxy */ = {
			isa = PBXContainerItemProxy;
			containerPortal = 39F2F01C1A7713D60076B25A /* Project object */;
			proxyType = 1;
			remoteGlobalIDString = 39F2F0231A7713D60076B25A;
			remoteInfo = SimonSays;
		};
/* End PBXContainerItemProxy section */

/* Begin PBXFileReference section */
		39F2F0241A7713D70076B25A /* SimonSays.app */ = {isa = PBXFileReference; explicitFileType = wrapper.application; includeInIndex = 0; path = SimonSays.app; sourceTree = BUILT_PRODUCTS_DIR; };
		39F2F0281A7713D70076B25A /* Info.plist */ = {isa = PBXFileReference; lastKnownFileType = text.plist.xml; path = Info.plist; sourceTree = "<group>"; };
		39F2F0291A7713D70076B25A /* main.m */ = {isa = PBXFileReference; lastKnownFileType = sourcecode.c.objc; path = main.m; sourceTree = "<group>"; };
		39F2F02B1A7713D70076B25A /* AppDelegate.h */ = {isa = PBXFileReference; lastKnownFileType = sourcecode.c.h; path = AppDelegate.h; sourceTree = "<group>"; };
		39F2F02C1A7713D70076B25A /* AppDelegate.m */ = {isa = PBXFileReference; lastKnownFileType = sourcecode.c.objc; path = AppDelegate.m; sourceTree = "<group>"; };
		39F2F02E1A7713D70076B25A /* SimonSaysViewController.h */ = {isa = PBXFileReference; lastKnownFileType = sourcecode.c.h; path = SimonSaysViewController.h; sourceTree = "<group>"; };
		39F2F02F1A7713D70076B25A /* SimonSaysViewController.m */ = {isa = PBXFileReference; lastKnownFileType = sourcecode.c.objc; path = SimonSaysViewController.m; sourceTree = "<group>"; };
		39F2F0321A7713D70076B25A /* Base */ = {isa = PBXFileReference; lastKnownFileType = file.storyboard; name = Base; path = Base.lproj/Main.storyboard; sourceTree = "<group>"; };
		39F2F0341A7713D70076B25A /* Images.xcassets */ = {isa = PBXFileReference; lastKnownFileType = folder.assetcatalog; path = Images.xcassets; sourceTree = "<group>"; };
		39F2F0371A7713D70076B25A /* Base */ = {isa = PBXFileReference; lastKnownFileType = file.xib; name = Base; path = Base.lproj/LaunchScreen.xib; sourceTree = "<group>"; };
		39F2F03D1A7713D70076B25A /* SimonSaysTests.xctest */ = {isa = PBXFileReference; explicitFileType = wrapper.cfbundle; includeInIndex = 0; path = SimonSaysTests.xctest; sourceTree = BUILT_PRODUCTS_DIR; };
		39F2F0421A7713D70076B25A /* Info.plist */ = {isa = PBXFileReference; lastKnownFileType = text.plist.xml; path = Info.plist; sourceTree = "<group>"; };
		39F2F0431A7713D70076B25A /* SimonSaysTests.m */ = {isa = PBXFileReference; lastKnownFileType = sourcecode.c.objc; path = SimonSaysTests.m; sourceTree = "<group>"; };
		39F2F04D1A771ABF0076B25A /* DKLCommunicator.h */ = {isa = PBXFileReference; fileEncoding = 4; lastKnownFileType = sourcecode.c.h; path = DKLCommunicator.h; sourceTree = "<group>"; };
		39F2F04E1A771ABF0076B25A /* DKLCommunicator.m */ = {isa = PBXFileReference; fileEncoding = 4; lastKnownFileType = sourcecode.c.objc; path = DKLCommunicator.m; sourceTree = "<group>"; };
/* End PBXFileReference section */

/* Begin PBXFrameworksBuildPhase section */
		39F2F0211A7713D60076B25A /* Frameworks */ = {
			isa = PBXFrameworksBuildPhase;
			buildActionMask = 2147483647;
			files = (
			);
			runOnlyForDeploymentPostprocessing = 0;
		};
		39F2F03A1A7713D70076B25A /* Frameworks */ = {
			isa = PBXFrameworksBuildPhase;
			buildActionMask = 2147483647;
			files = (
			);
			runOnlyForDeploymentPostprocessing = 0;
		};
/* End PBXFrameworksBuildPhase section */

/* Begin PBXGroup section */
		39F2F01B1A7713D60076B25A = {
			isa = PBXGroup;
			children = (
				39F2F0261A7713D70076B25A /* SimonSays */,
				39F2F0401A7713D70076B25A /* SimonSaysTests */,
				39F2F0251A7713D70076B25A /* Products */,
			);
			sourceTree = "<group>";
		};
		39F2F0251A7713D70076B25A /* Products */ = {
			isa = PBXGroup;
			children = (
				39F2F0241A7713D70076B25A /* SimonSays.app */,
				39F2F03D1A7713D70076B25A /* SimonSaysTests.xctest */,
			);
			name = Products;
			sourceTree = "<group>";
		};
		39F2F0261A7713D70076B25A /* SimonSays */ = {
			isa = PBXGroup;
			children = (
				39F2F02B1A7713D70076B25A /* AppDelegate.h */,
				39F2F02C1A7713D70076B25A /* AppDelegate.m */,
				39F2F02E1A7713D70076B25A /* SimonSaysViewController.h */,
				39F2F02F1A7713D70076B25A /* SimonSaysViewController.m */,
				39F2F04D1A771ABF0076B25A /* DKLCommunicator.h */,
				39F2F04E1A771ABF0076B25A /* DKLCommunicator.m */,
				39F2F0311A7713D70076B25A /* Main.storyboard */,
				39F2F0341A7713D70076B25A /* Images.xcassets */,
				39F2F0361A7713D70076B25A /* LaunchScreen.xib */,
				39F2F0271A7713D70076B25A /* Supporting Files */,
			);
			path = SimonSays;
			sourceTree = "<group>";
		};
		39F2F0271A7713D70076B25A /* Supporting Files */ = {
			isa = PBXGroup;
			children = (
				39F2F0281A7713D70076B25A /* Info.plist */,
				39F2F0291A7713D70076B25A /* main.m */,
			);
			name = "Supporting Files";
			sourceTree = "<group>";
		};
		39F2F0401A7713D70076B25A /* SimonSaysTests */ = {
			isa = PBXGroup;
			children = (
				39F2F0431A7713D70076B25A /* SimonSaysTests.m */,
				39F2F0411A7713D70076B25A /* Supporting Files */,
			);
			path = SimonSaysTests;
			sourceTree = "<group>";
		};
		39F2F0411A7713D70076B25A /* Supporting Files */ = {
			isa = PBXGroup;
			children = (
				39F2F0421A7713D70076B25A /* Info.plist */,
			);
			name = "Supporting Files";
			sourceTree = "<group>";
		};
/* End PBXGroup section */

/* Begin PBXNativeTarget section */
		39F2F0231A7713D60076B25A /* SimonSays */ = {
			isa = PBXNativeTarget;
			buildConfigurationList = 39F2F0471A7713D70076B25A /* Build configuration list for PBXNativeTarget "SimonSays" */;
			buildPhases = (
				39F2F0201A7713D60076B25A /* Sources */,
				39F2F0211A7713D60076B25A /* Frameworks */,
				39F2F0221A7713D60076B25A /* Resources */,
			);
			buildRules = (
			);
			dependencies = (
			);
			name = SimonSays;
			productName = SimonSays;
			productReference = 39F2F0241A7713D70076B25A /* SimonSays.app */;
			productType = "com.apple.product-type.application";
		};
		39F2F03C1A7713D70076B25A /* SimonSaysTests */ = {
			isa = PBXNativeTarget;
			buildConfigurationList = 39F2F04A1A7713D70076B25A /* Build configuration list for PBXNativeTarget "SimonSaysTests" */;
			buildPhases = (
				39F2F0391A7713D70076B25A /* Sources */,
				39F2F03A1A7713D70076B25A /* Frameworks */,
				39F2F03B1A7713D70076B25A /* Resources */,
			);
			buildRules = (
			);
			dependencies = (
				39F2F03F1A7713D70076B25A /* PBXTargetDependency */,
			);
			name = SimonSaysTests;
			productName = SimonSaysTests;
			productReference = 39F2F03D1A7713D70076B25A /* SimonSaysTests.xctest */;
			productType = "com.apple.product-type.bundle.unit-test";
		};
/* End PBXNativeTarget section */

/* Begin PBXProject section */
		39F2F01C1A7713D60076B25A /* Project object */ = {
			isa = PBXProject;
			attributes = {
				LastUpgradeCheck = 0610;
				ORGANIZATIONNAME = "Matthias Krauß";
				TargetAttributes = {
					39F2F0231A7713D60076B25A = {
						CreatedOnToolsVersion = 6.1.1;
						DevelopmentTeam = CVK5MQNMSD;
					};
					39F2F03C1A7713D70076B25A = {
						CreatedOnToolsVersion = 6.1.1;
						TestTargetID = 39F2F0231A7713D60076B25A;
					};
				};
			};
			buildConfigurationList = 39F2F01F1A7713D60076B25A /* Build configuration list for PBXProject "SimonSays" */;
			compatibilityVersion = "Xcode 3.2";
			developmentRegion = English;
			hasScannedForEncodings = 0;
			knownRegions = (
				en,
				Base,
			);
			mainGroup = 39F2F01B1A7713D60076B25A;
			productRefGroup = 39F2F0251A7713D70076B25A /* Products */;
			projectDirPath = "";
			projectRoot = "";
			targets = (
				39F2F0231A7713D60076B25A /* SimonSays */,
				39F2F03C1A7713D70076B25A /* SimonSaysTests */,
			);
		};
/* End PBXProject section */

/* Begin PBXResourcesBuildPhase section */
		39F2F0221A7713D60076B25A /* Resources */ = {
			isa = PBXResourcesBuildPhase;
			buildActionMask = 2147483647;
			files = (
				39F2F0331A7713D70076B25A /* Main.storyboard in Resources */,
				39F2F0381A7713D70076B25A /* LaunchScreen.xib in Resources */,
				39F2F0351A7713D70076B25A /* Images.xcassets in Resources */,
			);
			runOnlyForDeploymentPostprocessing = 0;
		};
		39F2F03B1A7713D70076B25A /* Resources */ = {
			isa = PBXResourcesBuildPhase;
			buildActionMask = 2147483647;
			files = (
			);
			runOnlyForDeploymentPostprocessing = 0;
		};
/* End PBXResourcesBuildPhase section */

/* Begin PBXSourcesBuildPhase section */
		39F2F0201A7713D60076B25A /* Sources */ = {
			isa = PBXSourcesBuildPhase;
			buildActionMask = 2147483647;
			files = (
				39F2F04F1A771ABF0076B25A /* DKLCommunicator.m in Sources */,
				39F2F0301A7713D70076B25A /* SimonSaysViewController.m in Sources */,
				39F2F02D1A7713D70076B25A /* AppDelegate.m in Sources */,
				39F2F02A1A7713D70076B25A /* main.m in Sources */,
			);
			runOnlyForDeploymentPostprocessing = 0;
		};
		39F2F0391A7713D70076B25A /* Sources */ = {
			isa = PBXSourcesBuildPhase;
			buildActionMask = 2147483647;
			files = (
				39F2F0441A7713D70076B25A /* SimonSaysTests.m in Sources */,
			);
			runOnlyForDeploymentPostprocessing = 0;
		};
/* End PBXSourcesBuildPhase section */

/* Begin PBXTargetDependency section */
		39F2F03F1A7713D70076B25A /* PBXTargetDependency */ = {
			isa = PBXTargetDependency;
			target = 39F2F0231A7713D60076B25A /* SimonSays */;
			targetProxy = 39F2F03E1A7713D70076B25A /* PBXContainerItemProxy */;
		};
/* End PBXTargetDependency section */

/* Begin PBXVariantGroup section */
		39F2F0311A7713D70076B25A /* Main.storyboard */ = {
			isa = PBXVariantGroup;
			children = (
				39F2F0321A7713D70076B25A /* Base */,
			);
			name = Main.storyboard;
			sourceTree = "<group>";
		};
		39F2F0361A7713D70076B25A /* LaunchScreen.xib */ = {
			isa = PBXVariantGroup;
			children = (
				39F2F0371A7713D70076B25A /* Base */,
			);
			name = LaunchScreen.xib;
			sourceTree = "<group>";
		};
/* End PBXVariantGroup section */

/* Begin XCBuildConfiguration section */
		39F2F0451A7713D70076B25A /* Debug */ = {
			isa = XCBuildConfiguration;
			buildSettings = {
				ALWAYS_SEARCH_USER_PATHS = NO;
				CLANG_CXX_LANGUAGE_STANDARD = "gnu++0x";
				CLANG_CXX_LIBRARY = "libc++";
				CLANG_ENABLE_MODULES = YES;
				CLANG_ENABLE_OBJC_ARC = YES;
				CLANG_WARN_BOOL_CONVERSION = YES;
				CLANG_WARN_CONSTANT_CONVERSION = YES;
				CLANG_WARN_DIRECT_OBJC_ISA_USAGE = YES_ERROR;
				CLANG_WARN_EMPTY_BODY = YES;
				CLANG_WARN_ENUM_CONVERSION = YES;
				CLANG_WARN_INT_CONVERSION = YES;
				CLANG_WARN_OBJC_ROOT_CLASS = YES_ERROR;
				CLANG_WARN_UNREACHABLE_CODE = YES;
				CLANG_WARN__DUPLICATE_METHOD_MATCH = YES;
				"CODE_SIGN_IDENTITY[sdk=iphoneos*]" = "iPhone Developer";
				COPY_PHASE_STRIP = NO;
				ENABLE_STRICT_OBJC_MSGSEND = YES;
				GCC_C_LANGUAGE_STANDARD = gnu99;
				GCC_DYNAMIC_NO_PIC = NO;
				GCC_OPTIMIZATION_LEVEL = 0;
				GCC_PREPROCESSOR_DEFINITIONS = (
					"DEBUG=1",
					"$(inherited)",
				);
				GCC_SYMBOLS_PRIVATE_EXTERN = NO;
				GCC_WARN_64_TO_32_BIT_CONVERSION = YES;
				GCC_WARN_ABOUT_RETURN_TYPE = YES_ERROR;
				GCC_WARN_UNDECLARED_SELECTOR = YES;
				GCC_WARN_UNINITIALIZED_AUTOS = YES_AGGRESSIVE;
				GCC_WARN_UNUSED_FUNCTION = YES;
				GCC_WARN_UNUSED_VARIABLE = YES;
				IPHONEOS_DEPLOYMENT_TARGET = 8.1;
				MTL_ENABLE_DEBUG_INFO = YES;
				ONLY_ACTIVE_ARCH = YES;
				SDKROOT = iphoneos;
				TARGETED_DEVICE_FAMILY = "1,2";
			};
			name = Debug;
		};
		39F2F0461A7713D70076B25A /* Release */ = {
			isa = XCBuildConfiguration;
			buildSettings = {
				ALWAYS_SEARCH_USER_PATHS = NO;
				CLANG_CXX_LANGUAGE_STANDARD = "gnu++0x";
				CLANG_CXX_LIBRARY = "libc++";
				CLANG_ENABLE_MODULES = YES;
				CLANG_ENABLE_OBJC_ARC = YES;
				CLANG_WARN_BOOL_CONVERSION = YES;
				CLANG_WARN_CONSTANT_CONVERSION = YES;
				CLANG_WARN_DIRECT_OBJC_ISA_USAGE = YES_ERROR;
				CLANG_WARN_EMPTY_BODY = YES;
				CLANG_WARN_ENUM_CONVERSION = YES;
				CLANG_WARN_INT_CONVERSION = YES;
				CLANG_WARN_OBJC_ROOT_CLASS = YES_ERROR;
				CLANG_WARN_UNREACHABLE_CODE = YES;
				CLANG_WARN__DUPLICATE_METHOD_MATCH = YES;
				"CODE_SIGN_IDENTITY[sdk=iphoneos*]" = "iPhone Developer";
				COPY_PHASE_STRIP = YES;
				ENABLE_NS_ASSERTIONS = NO;
				ENABLE_STRICT_OBJC_MSGSEND = YES;
				GCC_C_LANGUAGE_STANDARD = gnu99;
				GCC_WARN_64_TO_32_BIT_CONVERSION = YES;
				GCC_WARN_ABOUT_RETURN_TYPE = YES_ERROR;
				GCC_WARN_UNDECLARED_SELECTOR = YES;
				GCC_WARN_UNINITIALIZED_AUTOS = YES_AGGRESSIVE;
				GCC_WARN_UNUSED_FUNCTION = YES;
				GCC_WARN_UNUSED_VARIABLE = YES;
				IPHONEOS_DEPLOYMENT_TARGET = 8.1;
				MTL_ENABLE_DEBUG_INFO = NO;
				SDKROOT = iphoneos;
				TARGETED_DEVICE_FAMILY = "1,2";
				VALIDATE_PRODUCT = YES;
			};
			name = Release;
		};
		39F2F0481A7713D70076B25A /* Debug */ = {
			isa = XCBuildConfiguration;
			buildSettings = {
				ASSETCATALOG_COMPILER_APPICON_NAME = AppIcon;
				CODE_SIGN_IDENTITY = "iPhone Developer";
				"CODE_SIGN_IDENTITY[sdk=iphoneos*]" = "iPhone Developer";
				INFOPLIST_FILE = SimonSays/Info.plist;
				LD_RUNPATH_SEARCH_PATHS = "$(inherited) @executable_path/Frameworks";
				PRODUCT_NAME = "$(TARGET_NAME)";
				PROVISIONING_PROFILE = "";
			};
			name = Debug;
		};
		39F2F0491A7713D70076B25A /* Release */ = {
			isa = XCBuildConfiguration;
			buildSettings = {
				ASSETCATALOG_COMPILER_APPICON_NAME = AppIcon;
				CODE_SIGN_IDENTITY = "iPhone Developer";
				"CODE_SIGN_IDENTITY[sdk=iphoneos*]" = "iPhone Developer";
				INFOPLIST_FILE = SimonSays/Info.plist;
				LD_RUNPATH_SEARCH_PATHS = "$(inherited) @executable_path/Frameworks";
				PRODUCT_NAME = "$(TARGET_NAME)";
				PROVISIONING_PROFILE = "";
			};
			name = Release;
		};
		39F2F04B1A7713D70076B25A /* Debug */ = {
			isa = XCBuildConfiguration;
			buildSettings = {
				BUNDLE_LOADER = "$(TEST_HOST)";
				FRAMEWORK_SEARCH_PATHS = (
					"$(SDKROOT)/Developer/Library/Frameworks",
					"$(inherited)",
				);
				GCC_PREPROCESSOR_DEFINITIONS = (
					"DEBUG=1",
					"$(inherited)",
				);
				INFOPLIST_FILE = SimonSaysTests/Info.plist;
				LD_RUNPATH_SEARCH_PATHS = "$(inherited) @executable_path/Frameworks @loader_path/Frameworks";
				PRODUCT_NAME = "$(TARGET_NAME)";
				TEST_HOST = "$(BUILT_PRODUCTS_DIR)/SimonSays.app/SimonSays";
			};
			name = Debug;
		};
		39F2F04C1A7713D70076B25A /* Release */ = {
			isa = XCBuildConfiguration;
			buildSettings = {
				BUNDLE_LOADER = "$(TEST_HOST)";
				FRAMEWORK_SEARCH_PATHS = (
					"$(SDKROOT)/Developer/Library/Frameworks",
					"$(inherited)",
				);
				INFOPLIST_FILE = SimonSaysTests/Info.plist;
				LD_RUNPATH_SEARCH_PATHS = "$(inherited) @executable_path/Frameworks @loader_path/Frameworks";
				PRODUCT_NAME = "$(TARGET_NAME)";
				TEST_HOST = "$(BUILT_PRODUCTS_DIR)/SimonSays.app/SimonSays";
			};
			name = Release;
		};
/* End XCBuildConfiguration section */

/* Begin XCConfigurationList section */
		39F2F01F1A7713D60076B25A /* Build configuration list for PBXProject "SimonSays" */ = {
			isa = XCConfigurationList;
			buildConfigurations = (
				39F2F0451A7713D70076B25A /* Debug */,
				39F2F0461A7713D70076B25A /* Release */,
			);
			defaultConfigurationIsVisible = 0;
			defaultConfigurationName = Release;
		};
		39F2F0471A7713D70076B25A /* Build configuration list for PBXNativeTarget "SimonSays" */ = {
			isa = XCConfigurationList;
			buildConfigurations = (
				39F2F0481A7713D70076B25A /* Debug */,
				39F2F0491A7713D70076B25A /* Release */,
			);
			defaultConfigurationIsVisible = 0;
			defaultConfigurationName = Release;
		};
		39F2F04A1A7713D70076B25A /* Build configuration list for PBXNativeTarget "SimonSaysTests" */ = {
			isa = XCConfigurationList;
			buildConfigurations = (
				39F2F04B1A7713D70076B25A /* Debug */,
				39F2F04C1A7713D70076B25A /* Release */,
			);
			defaultConfigurationIsVisible = 0;
			defaultConfigurationName = Release;
		};
/* End XCConfigurationList section */
	};
	rootObject = 39F2F01C1A7713D60076B25A /* Project object */;
}
